PODS:
  - ZHHAnneKit (0.1.7):
    - ZHHAnneKit/BadgeView (= 0.1.7)
    - ZHHAnneKit/CommonTools (= 0.1.7)
    - ZHHAnneKit/Foundation (= 0.1.7)
    - ZHHAnneKit/QuartzCore (= 0.1.7)
    - ZHHAnneKit/UIKit (= 0.1.7)
  - ZHHAnneKit/BadgeView (0.1.7)
  - ZHHAnneKit/CommonTools (0.1.7):
    - ZHHAnneKit/UIKit/UITableView
  - ZHHAnneKit/Foundation (0.1.7):
    - ZHHAnneKit/Foundation/NSArray (= 0.1.7)
    - ZHHAnneKit/Foundation/NSAttributedString (= 0.1.7)
    - ZHHAnneKit/Foundation/NSBundle (= 0.1.7)
    - ZHHAnneKit/Foundation/NSData (= 0.1.7)
    - ZHHAnneKit/Foundation/NSDate (= 0.1.7)
    - ZHHAnneKit/Foundation/NSDecimalNumber (= 0.1.7)
    - ZHHAnneKit/Foundation/NSDictionary (= 0.1.7)
    - ZHHAnneKit/Foundation/NSException (= 0.1.7)
    - ZHHAnneKit/Foundation/NSFileManager (= 0.1.7)
    - ZHHAnneKit/Foundation/NSIndexPath (= 0.1.7)
    - ZHHAnneKit/Foundation/NSNotification (= 0.1.7)
    - ZHHAnneKit/Foundation/NSNotificationCenter (= 0.1.7)
    - ZHHAnneKit/Foundation/NSNumber (= 0.1.7)
    - ZHHAnneKit/Foundation/NSObject (= 0.1.7)
    - ZHHAnneKit/Foundation/NSString (= 0.1.7)
    - ZHHAnneKit/Foundation/NSTimer (= 0.1.7)
  - ZHHAnneKit/Foundation/NSArray (0.1.7)
  - ZHHAnneKit/Foundation/NSAttributedString (0.1.7)
  - ZHHAnneKit/Foundation/NSBundle (0.1.7)
  - ZHHAnneKit/Foundation/NSData (0.1.7)
  - ZHHAnneKit/Foundation/NSDate (0.1.7)
  - ZHHAnneKit/Foundation/NSDecimalNumber (0.1.7)
  - ZHHAnneKit/Foundation/NSDictionary (0.1.7)
  - ZHHAnneKit/Foundation/NSException (0.1.7)
  - ZHHAnneKit/Foundation/NSFileManager (0.1.7)
  - ZHHAnneKit/Foundation/NSIndexPath (0.1.7)
  - ZHHAnneKit/Foundation/NSNotification (0.1.7)
  - ZHHAnneKit/Foundation/NSNotificationCenter (0.1.7)
  - ZHHAnneKit/Foundation/NSNumber (0.1.7)
  - ZHHAnneKit/Foundation/NSObject (0.1.7)
  - ZHHAnneKit/Foundation/NSString (0.1.7)
  - ZHHAnneKit/Foundation/NSTimer (0.1.7)
  - ZHHAnneKit/QuartzCore (0.1.7):
    - ZHHAnneKit/QuartzCore/CALayer (= 0.1.7)
    - ZHHAnneKit/QuartzCore/CATransaction (= 0.1.7)
  - ZHHAnneKit/QuartzCore/CALayer (0.1.7)
  - ZHHAnneKit/QuartzCore/CATransaction (0.1.7)
  - ZHHAnneKit/UIKit (0.1.7):
    - ZHHAnneKit/UIKit/UIApplication (= 0.1.7)
    - ZHHAnneKit/UIKit/UIBarButtonItem (= 0.1.7)
    - ZHHAnneKit/UIKit/UIButton (= 0.1.7)
    - ZHHAnneKit/UIKit/UICollectionView (= 0.1.7)
    - ZHHAnneKit/UIKit/UIColor (= 0.1.7)
    - ZHHAnneKit/UIKit/UIControl (= 0.1.7)
    - ZHHAnneKit/UIKit/UIDevice (= 0.1.7)
    - ZHHAnneKit/UIKit/UIImage (= 0.1.7)
    - ZHHAnneKit/UIKit/UIImageView (= 0.1.7)
    - ZHHAnneKit/UIKit/UILabel (= 0.1.7)
    - ZHHAnneKit/UIKit/UINavigationBar (= 0.1.7)
    - ZHHAnneKit/UIKit/UINavigationController (= 0.1.7)
    - ZHHAnneKit/UIKit/UINavigationItem (= 0.1.7)
    - ZHHAnneKit/UIKit/UIScrollView (= 0.1.7)
    - ZHHAnneKit/UIKit/UISlider (= 0.1.7)
    - ZHHAnneKit/UIKit/UISplitViewController (= 0.1.7)
    - ZHHAnneKit/UIKit/UITableView (= 0.1.7)
    - ZHHAnneKit/UIKit/UITextField (= 0.1.7)
    - ZHHAnneKit/UIKit/UITextView (= 0.1.7)
    - ZHHAnneKit/UIKit/UIView (= 0.1.7)
    - ZHHAnneKit/UIKit/UIViewController (= 0.1.7)
    - ZHHAnneKit/UIKit/UIWindow (= 0.1.7)
  - ZHHAnneKit/UIKit/UIApplication (0.1.7)
  - ZHHAnneKit/UIKit/UIBarButtonItem (0.1.7):
    - ZHHAnneKit/UIKit/UIColor
    - ZHHAnneKit/UIKit/UIView
  - ZHHAnneKit/UIKit/UIButton (0.1.7):
    - ZHHAnneKit/UIKit/UIImage
  - ZHHAnneKit/UIKit/UICollectionView (0.1.7)
  - ZHHAnneKit/UIKit/UIColor (0.1.7)
  - ZHHAnneKit/UIKit/UIControl (0.1.7)
  - ZHHAnneKit/UIKit/UIDevice (0.1.7):
    - ZHHAnneKit/CommonTools
  - ZHHAnneKit/UIKit/UIImage (0.1.7):
    - ZHHAnneKit/UIKit/UIColor
  - ZHHAnneKit/UIKit/UIImageView (0.1.7)
  - ZHHAnneKit/UIKit/UILabel (0.1.7):
    - ZHHAnneKit/UIKit/UIView
  - ZHHAnneKit/UIKit/UINavigationBar (0.1.7)
  - ZHHAnneKit/UIKit/UINavigationController (0.1.7)
  - ZHHAnneKit/UIKit/UINavigationItem (0.1.7)
  - ZHHAnneKit/UIKit/UIScrollView (0.1.7)
  - ZHHAnneKit/UIKit/UISlider (0.1.7)
  - ZHHAnneKit/UIKit/UISplitViewController (0.1.7)
  - ZHHAnneKit/UIKit/UITableView (0.1.7)
  - ZHHAnneKit/UIKit/UITextField (0.1.7)
  - ZHHAnneKit/UIKit/UITextView (0.1.7)
  - ZHHAnneKit/UIKit/UIView (0.1.7)
  - ZHHAnneKit/UIKit/UIViewController (0.1.7)
  - ZHHAnneKit/UIKit/UIWindow (0.1.7)

DEPENDENCIES:
  - ZHHAnneKit (from `../`)

EXTERNAL SOURCES:
  ZHHAnneKit:
    :path: "../"

SPEC CHECKSUMS:
  ZHHAnneKit: e53db1e7f280439fd8bc1194156a4e451c6b325c

PODFILE CHECKSUM: ec420e4b32b5884adfe9f94cf1e94d4bb7d51e3d

COCOAPODS: 1.16.2
