PODS:
  - ZHHAnneKit (0.2.0):
    - ZHHAnneKit/Core (= 0.2.0)
  - ZHHAnneKit/Core (0.2.0):
    - ZHHAnneKit/Core/BadgeView (= 0.2.0)
    - ZHHAnneKit/Core/CommonTools (= 0.2.0)
    - ZHHAnneKit/Core/Foundation (= 0.2.0)
    - ZHHAnneKit/Core/QuartzCore (= 0.2.0)
    - ZHHAnneKit/Core/UIKit (= 0.2.0)
  - ZHHAnneKit/Core/BadgeView (0.2.0)
  - ZHHAnneKit/Core/CommonTools (0.2.0):
    - ZHHAnneKit/Core/CommonTools/Common (= 0.2.0)
    - ZHHAnneKit/Core/CommonTools/Countdown (= 0.2.0)
    - ZHHAnneKit/Core/CommonTools/Hovering (= 0.2.0)
    - ZHHAnneKit/Core/CommonTools/Keychain (= 0.2.0)
    - ZHHAnneKit/Core/CommonTools/Permission (= 0.2.0)
  - ZHHAnneKit/Core/CommonTools/Common (0.2.0)
  - ZHHAnneKit/Core/CommonTools/Countdown (0.2.0)
  - ZHHAnneKit/Core/CommonTools/Hovering (0.2.0):
    - ZHHAnneKit/Core/UIKit/UITableView
  - ZHHAnneKit/Core/CommonTools/Keychain (0.2.0)
  - ZHHAnneKit/Core/CommonTools/Permission (0.2.0)
  - ZHHAnneKit/Core/Foundation (0.2.0):
    - ZHHAnneKit/Core/Foundation/NSArray (= 0.2.0)
    - ZHHAnneKit/Core/Foundation/NSAttributedString (= 0.2.0)
    - ZHHAnneKit/Core/Foundation/NSBundle (= 0.2.0)
    - ZHHAnneKit/Core/Foundation/NSData (= 0.2.0)
    - ZHHAnneKit/Core/Foundation/NSDate (= 0.2.0)
    - ZHHAnneKit/Core/Foundation/NSDecimalNumber (= 0.2.0)
    - ZHHAnneKit/Core/Foundation/NSDictionary (= 0.2.0)
    - ZHHAnneKit/Core/Foundation/NSException (= 0.2.0)
    - ZHHAnneKit/Core/Foundation/NSFileManager (= 0.2.0)
    - ZHHAnneKit/Core/Foundation/NSIndexPath (= 0.2.0)
    - ZHHAnneKit/Core/Foundation/NSNotification (= 0.2.0)
    - ZHHAnneKit/Core/Foundation/NSNotificationCenter (= 0.2.0)
    - ZHHAnneKit/Core/Foundation/NSNumber (= 0.2.0)
    - ZHHAnneKit/Core/Foundation/NSObject (= 0.2.0)
    - ZHHAnneKit/Core/Foundation/NSShadow (= 0.2.0)
    - ZHHAnneKit/Core/Foundation/NSString (= 0.2.0)
    - ZHHAnneKit/Core/Foundation/NSTimer (= 0.2.0)
  - ZHHAnneKit/Core/Foundation/NSArray (0.2.0)
  - ZHHAnneKit/Core/Foundation/NSAttributedString (0.2.0)
  - ZHHAnneKit/Core/Foundation/NSBundle (0.2.0)
  - ZHHAnneKit/Core/Foundation/NSData (0.2.0)
  - ZHHAnneKit/Core/Foundation/NSDate (0.2.0)
  - ZHHAnneKit/Core/Foundation/NSDecimalNumber (0.2.0)
  - ZHHAnneKit/Core/Foundation/NSDictionary (0.2.0)
  - ZHHAnneKit/Core/Foundation/NSException (0.2.0)
  - ZHHAnneKit/Core/Foundation/NSFileManager (0.2.0)
  - ZHHAnneKit/Core/Foundation/NSIndexPath (0.2.0)
  - ZHHAnneKit/Core/Foundation/NSNotification (0.2.0)
  - ZHHAnneKit/Core/Foundation/NSNotificationCenter (0.2.0)
  - ZHHAnneKit/Core/Foundation/NSNumber (0.2.0)
  - ZHHAnneKit/Core/Foundation/NSObject (0.2.0)
  - ZHHAnneKit/Core/Foundation/NSShadow (0.2.0)
  - ZHHAnneKit/Core/Foundation/NSString (0.2.0)
  - ZHHAnneKit/Core/Foundation/NSTimer (0.2.0)
  - ZHHAnneKit/Core/QuartzCore (0.2.0):
    - ZHHAnneKit/Core/QuartzCore/CALayer (= 0.2.0)
    - ZHHAnneKit/Core/QuartzCore/CATransaction (= 0.2.0)
  - ZHHAnneKit/Core/QuartzCore/CALayer (0.2.0)
  - ZHHAnneKit/Core/QuartzCore/CATransaction (0.2.0)
  - ZHHAnneKit/Core/UIKit (0.2.0):
    - ZHHAnneKit/Core/UIKit/UIApplication (= 0.2.0)
    - ZHHAnneKit/Core/UIKit/UIBarButtonItem (= 0.2.0)
    - ZHHAnneKit/Core/UIKit/UIButton (= 0.2.0)
    - ZHHAnneKit/Core/UIKit/UICollectionView (= 0.2.0)
    - ZHHAnneKit/Core/UIKit/UIColor (= 0.2.0)
    - ZHHAnneKit/Core/UIKit/UIControl (= 0.2.0)
    - ZHHAnneKit/Core/UIKit/UIDevice (= 0.2.0)
    - ZHHAnneKit/Core/UIKit/UIImage (= 0.2.0)
    - ZHHAnneKit/Core/UIKit/UIImageView (= 0.2.0)
    - ZHHAnneKit/Core/UIKit/UILabel (= 0.2.0)
    - ZHHAnneKit/Core/UIKit/UINavigationBar (= 0.2.0)
    - ZHHAnneKit/Core/UIKit/UINavigationController (= 0.2.0)
    - ZHHAnneKit/Core/UIKit/UINavigationItem (= 0.2.0)
    - ZHHAnneKit/Core/UIKit/UIScrollView (= 0.2.0)
    - ZHHAnneKit/Core/UIKit/UISlider (= 0.2.0)
    - ZHHAnneKit/Core/UIKit/UISplitViewController (= 0.2.0)
    - ZHHAnneKit/Core/UIKit/UITabBarItem (= 0.2.0)
    - ZHHAnneKit/Core/UIKit/UITableView (= 0.2.0)
    - ZHHAnneKit/Core/UIKit/UITextField (= 0.2.0)
    - ZHHAnneKit/Core/UIKit/UITextView (= 0.2.0)
    - ZHHAnneKit/Core/UIKit/UIView (= 0.2.0)
    - ZHHAnneKit/Core/UIKit/UIViewController (= 0.2.0)
    - ZHHAnneKit/Core/UIKit/UIWindow (= 0.2.0)
  - ZHHAnneKit/Core/UIKit/UIApplication (0.2.0)
  - ZHHAnneKit/Core/UIKit/UIBarButtonItem (0.2.0):
    - ZHHAnneKit/Core/UIKit/UIColor
    - ZHHAnneKit/Core/UIKit/UIView
  - ZHHAnneKit/Core/UIKit/UIButton (0.2.0):
    - ZHHAnneKit/Core/UIKit/UIImage
  - ZHHAnneKit/Core/UIKit/UICollectionView (0.2.0)
  - ZHHAnneKit/Core/UIKit/UIColor (0.2.0)
  - ZHHAnneKit/Core/UIKit/UIControl (0.2.0)
  - ZHHAnneKit/Core/UIKit/UIDevice (0.2.0):
    - ZHHAnneKit/Core/CommonTools
  - ZHHAnneKit/Core/UIKit/UIImage (0.2.0):
    - ZHHAnneKit/Core/UIKit/UIColor
  - ZHHAnneKit/Core/UIKit/UIImageView (0.2.0)
  - ZHHAnneKit/Core/UIKit/UILabel (0.2.0):
    - ZHHAnneKit/Core/UIKit/UIView
  - ZHHAnneKit/Core/UIKit/UINavigationBar (0.2.0)
  - ZHHAnneKit/Core/UIKit/UINavigationController (0.2.0)
  - ZHHAnneKit/Core/UIKit/UINavigationItem (0.2.0)
  - ZHHAnneKit/Core/UIKit/UIScrollView (0.2.0)
  - ZHHAnneKit/Core/UIKit/UISlider (0.2.0)
  - ZHHAnneKit/Core/UIKit/UISplitViewController (0.2.0)
  - ZHHAnneKit/Core/UIKit/UITabBarItem (0.2.0)
  - ZHHAnneKit/Core/UIKit/UITableView (0.2.0)
  - ZHHAnneKit/Core/UIKit/UITextField (0.2.0)
  - ZHHAnneKit/Core/UIKit/UITextView (0.2.0)
  - ZHHAnneKit/Core/UIKit/UIView (0.2.0)
  - ZHHAnneKit/Core/UIKit/UIViewController (0.2.0)
  - ZHHAnneKit/Core/UIKit/UIWindow (0.2.0)

DEPENDENCIES:
  - ZHHAnneKit (from `../`)

EXTERNAL SOURCES:
  ZHHAnneKit:
    :path: "../"

SPEC CHECKSUMS:
  ZHHAnneKit: f1c1c0db8abe9b4e2f00ba5b35b07f2a8c3a6c3f

PODFILE CHECKSUM: ec420e4b32b5884adfe9f94cf1e94d4bb7d51e3d

COCOAPODS: 1.16.2
