PODS:
  - ZHHAnneKit (0.0.1):
    - ZHHAnneKit/Foundation (= 0.0.1)
  - ZHHAnneKit/Foundation (0.0.1):
    - ZHHAnneKit/Foundation/NSArray (= 0.0.1)
  - ZHHAnneKit/Foundation/NSArray (0.0.1)

DEPENDENCIES:
  - ZHHAnneKit (from `../`)

EXTERNAL SOURCES:
  ZHHAnneKit:
    :path: "../"

SPEC CHECKSUMS:
  ZHHAnneKit: fb60e652530afdaa369026beb300097c4f52f87f

PODFILE CHECKSUM: de88518a70ee9c805874c8adf96e408cc0ee822a

COCOAPODS: 1.11.2
